
Microsoft Visual Studio Solution File, Format Version 12.00
# Visual Studio Version 16
VisualStudioVersion = 16.0.28714.193
MinimumVisualStudioVersion = 10.0.40219.1
Project("{2150E333-8FDC-42A3-9474-1A3956D46DE8}") = "3 UseCases", "3 UseCases", "{0FEB6ADF-29FD-48CE-AE0F-9E19E9209795}"
EndProject
Project("{2150E333-8FDC-42A3-9474-1A3956D46DE8}") = "Src", "Src", "{4B785E7E-2F35-4198-BD73-D2B861E5518A}"
EndProject
Project("{2150E333-8FDC-42A3-9474-1A3956D46DE8}") = "4 Infrastructure", "4 Infrastructure", "{1EC1EEFF-3888-4125-9229-623C564F3E7E}"
EndProject
Project("{2150E333-8FDC-42A3-9474-1A3956D46DE8}") = "5 Host", "5 Host", "{833DEA57-A970-418C-831C-2355B8294766}"
EndProject
Project("{2150E333-8FDC-42A3-9474-1A3956D46DE8}") = "Tests", "Tests", "{9FEDAEFB-297C-4201-8FAA-F502F94CAFED}"
EndProject
Project("{9A19103F-16F7-4668-BE54-9A1E7A4F7556}") = "Utils", "Src\Common\Utils.csproj", "{3C7E8164-A2CE-471A-9C15-E1A74E4BE9D9}"
EndProject
Project("{9A19103F-16F7-4668-BE54-9A1E7A4F7556}") = "Domain", "Src\Domain\Domain.csproj", "{0A18018C-95CA-43CB-BFBF-5DB086E93009}"
EndProject
Project("{2150E333-8FDC-42A3-9474-1A3956D46DE8}") = "Docs", "Docs", "{36DA64CD-41D5-48FD-8AFE-EBBF8EFD57ED}"
	ProjectSection(SolutionItems) = preProject
		Docs\CleanArchitecture.jpg = Docs\CleanArchitecture.jpg
		README.md = README.md
		Docs\Slides.pdf = Docs\Slides.pdf
	EndProjectSection
EndProject
Project("{9A19103F-16F7-4668-BE54-9A1E7A4F7556}") = "WebUI", "Src\WebUI\WebUI.csproj", "{B3A105C1-F3E0-4290-A330-D0D3F29D2B26}"
EndProject
Project("{9A19103F-16F7-4668-BE54-9A1E7A4F7556}") = "Application.UnitTests", "Tests\Application.UnitTests\Application.UnitTests.csproj", "{69E657A0-DE8D-4BA4-B9A9-77C8332321C6}"
EndProject
Project("{9A19103F-16F7-4668-BE54-9A1E7A4F7556}") = "Domain.UnitTests", "Tests\Domain.UnitTests\Domain.UnitTests.csproj", "{FD68C950-322B-467C-82A6-99C084BAB50B}"
EndProject
Project("{9A19103F-16F7-4668-BE54-9A1E7A4F7556}") = "WebUI.IntegrationTests", "Tests\WebUI.IntegrationTests\WebUI.IntegrationTests.csproj", "{22B85BF9-27F9-4C0C-AB6D-C05014C022E5}"
EndProject
Project("{9A19103F-16F7-4668-BE54-9A1E7A4F7556}") = "Persistence.IntegrationTests", "Tests\Persistence.IntegrationTests\Persistence.IntegrationTests.csproj", "{FCFF633E-3675-41FE-8A2C-18009C744C00}"
EndProject
Project("{2150E333-8FDC-42A3-9474-1A3956D46DE8}") = "0 Utils", "0 Utils", "{03DEB721-AF8B-462F-9933-C292E96B4BDC}"
EndProject
Project("{2150E333-8FDC-42A3-9474-1A3956D46DE8}") = "1 Entities", "1 Entities", "{1EBC718C-C8C3-4CFF-A106-9F448EC35C1B}"
EndProject
Project("{2150E333-8FDC-42A3-9474-1A3956D46DE8}") = "2 Infrastructure.Interfaces", "2 Infrastructure.Interfaces", "{2544174C-6E1B-4A4F-B0FA-50437DA3BB3E}"
EndProject
Project("{2150E333-8FDC-42A3-9474-1A3956D46DE8}") = "4 Controllers", "4 Controllers", "{A8616103-C181-4955-99A4-323DFAF30CF0}"
EndProject
Project("{9A19103F-16F7-4668-BE54-9A1E7A4F7556}") = "UseCases", "Src\UseCases\UseCases.csproj", "{C85FC5FD-ED8F-4255-A26C-FF93016AB865}"
EndProject
Project("{9A19103F-16F7-4668-BE54-9A1E7A4F7556}") = "Infrastructure.Interfaces.Csv", "Src\Infrastructure.Interfaces.Csv\Infrastructure.Interfaces.Csv.csproj", "{05554ED7-E217-49CA-8BE7-557B5E4E27B6}"
EndProject
Project("{9A19103F-16F7-4668-BE54-9A1E7A4F7556}") = "Infrastructure.Interfaces.Database", "Src\Infrastructure.Interfaces.Database\Infrastructure.Interfaces.Database.csproj", "{2FDE8802-DA30-4B99-9D81-F7423E04B985}"
EndProject
Project("{9A19103F-16F7-4668-BE54-9A1E7A4F7556}") = "Infrastructure.Interfaces.Notifications", "Src\Infrastructure.Interfaces.Notifications\Infrastructure.Interfaces.Notifications.csproj", "{94D3816D-F0C0-4715-9EBD-13479D11F4A0}"
EndProject
Project("{9A19103F-16F7-4668-BE54-9A1E7A4F7556}") = "Infrastructure.Interfaces.Users", "Src\Infrastructure.Interfaces.Users\Infrastructure.Interfaces.Users.csproj", "{D405CFAC-73E3-442B-ADD4-9FD7F6D30950}"
EndProject
Project("{9A19103F-16F7-4668-BE54-9A1E7A4F7556}") = "Controllers", "Src\Controllers\Controllers.csproj", "{251E60B4-1D0C-46A2-BD69-DBA5D6143222}"
EndProject
Project("{9A19103F-16F7-4668-BE54-9A1E7A4F7556}") = "Persistence", "Src\Persistence\Persistence.csproj", "{426BB8CD-2FF6-4E93-ADD4-4685770D465B}"
EndProject
Project("{9A19103F-16F7-4668-BE54-9A1E7A4F7556}") = "Infrastructure.Notifications", "Src\Infrastructure.Notifications\Infrastructure.Notifications.csproj", "{9CDCBECF-7720-4FFB-8DD3-FF08B106AB0A}"
EndProject
Project("{9A19103F-16F7-4668-BE54-9A1E7A4F7556}") = "Infrastructure.Csv", "Src\Infrastructure.Csv\Infrastructure.Csv.csproj", "{958FB764-8FDD-4A4D-8B39-DB3B2707F086}"
EndProject
Project("{9A19103F-16F7-4668-BE54-9A1E7A4F7556}") = "Infrastructure", "Src\Infrastructure\Infrastructure.csproj", "{E68370CA-AC09-484A-A917-6799000D0782}"
EndProject
Global
	GlobalSection(SolutionConfigurationPlatforms) = preSolution
		Debug|Any CPU = Debug|Any CPU
		Release|Any CPU = Release|Any CPU
	EndGlobalSection
	GlobalSection(ProjectConfigurationPlatforms) = postSolution
		{3C7E8164-A2CE-471A-9C15-E1A74E4BE9D9}.Debug|Any CPU.ActiveCfg = Debug|Any CPU
		{3C7E8164-A2CE-471A-9C15-E1A74E4BE9D9}.Debug|Any CPU.Build.0 = Debug|Any CPU
		{3C7E8164-A2CE-471A-9C15-E1A74E4BE9D9}.Release|Any CPU.ActiveCfg = Release|Any CPU
		{3C7E8164-A2CE-471A-9C15-E1A74E4BE9D9}.Release|Any CPU.Build.0 = Release|Any CPU
		{0A18018C-95CA-43CB-BFBF-5DB086E93009}.Debug|Any CPU.ActiveCfg = Debug|Any CPU
		{0A18018C-95CA-43CB-BFBF-5DB086E93009}.Debug|Any CPU.Build.0 = Debug|Any CPU
		{0A18018C-95CA-43CB-BFBF-5DB086E93009}.Release|Any CPU.ActiveCfg = Release|Any CPU
		{0A18018C-95CA-43CB-BFBF-5DB086E93009}.Release|Any CPU.Build.0 = Release|Any CPU
		{B3A105C1-F3E0-4290-A330-D0D3F29D2B26}.Debug|Any CPU.ActiveCfg = Debug|Any CPU
		{B3A105C1-F3E0-4290-A330-D0D3F29D2B26}.Debug|Any CPU.Build.0 = Debug|Any CPU
		{B3A105C1-F3E0-4290-A330-D0D3F29D2B26}.Release|Any CPU.ActiveCfg = Release|Any CPU
		{B3A105C1-F3E0-4290-A330-D0D3F29D2B26}.Release|Any CPU.Build.0 = Release|Any CPU
		{69E657A0-DE8D-4BA4-B9A9-77C8332321C6}.Debug|Any CPU.ActiveCfg = Debug|Any CPU
		{69E657A0-DE8D-4BA4-B9A9-77C8332321C6}.Debug|Any CPU.Build.0 = Debug|Any CPU
		{69E657A0-DE8D-4BA4-B9A9-77C8332321C6}.Release|Any CPU.ActiveCfg = Release|Any CPU
		{69E657A0-DE8D-4BA4-B9A9-77C8332321C6}.Release|Any CPU.Build.0 = Release|Any CPU
		{FD68C950-322B-467C-82A6-99C084BAB50B}.Debug|Any CPU.ActiveCfg = Debug|Any CPU
		{FD68C950-322B-467C-82A6-99C084BAB50B}.Debug|Any CPU.Build.0 = Debug|Any CPU
		{FD68C950-322B-467C-82A6-99C084BAB50B}.Release|Any CPU.ActiveCfg = Release|Any CPU
		{FD68C950-322B-467C-82A6-99C084BAB50B}.Release|Any CPU.Build.0 = Release|Any CPU
		{22B85BF9-27F9-4C0C-AB6D-C05014C022E5}.Debug|Any CPU.ActiveCfg = Debug|Any CPU
		{22B85BF9-27F9-4C0C-AB6D-C05014C022E5}.Debug|Any CPU.Build.0 = Debug|Any CPU
		{22B85BF9-27F9-4C0C-AB6D-C05014C022E5}.Release|Any CPU.ActiveCfg = Release|Any CPU
		{22B85BF9-27F9-4C0C-AB6D-C05014C022E5}.Release|Any CPU.Build.0 = Release|Any CPU
		{FCFF633E-3675-41FE-8A2C-18009C744C00}.Debug|Any CPU.ActiveCfg = Debug|Any CPU
		{FCFF633E-3675-41FE-8A2C-18009C744C00}.Debug|Any CPU.Build.0 = Debug|Any CPU
		{FCFF633E-3675-41FE-8A2C-18009C744C00}.Release|Any CPU.ActiveCfg = Release|Any CPU
		{FCFF633E-3675-41FE-8A2C-18009C744C00}.Release|Any CPU.Build.0 = Release|Any CPU
		{C85FC5FD-ED8F-4255-A26C-FF93016AB865}.Debug|Any CPU.ActiveCfg = Debug|Any CPU
		{C85FC5FD-ED8F-4255-A26C-FF93016AB865}.Debug|Any CPU.Build.0 = Debug|Any CPU
		{C85FC5FD-ED8F-4255-A26C-FF93016AB865}.Release|Any CPU.ActiveCfg = Release|Any CPU
		{C85FC5FD-ED8F-4255-A26C-FF93016AB865}.Release|Any CPU.Build.0 = Release|Any CPU
		{05554ED7-E217-49CA-8BE7-557B5E4E27B6}.Debug|Any CPU.ActiveCfg = Debug|Any CPU
		{05554ED7-E217-49CA-8BE7-557B5E4E27B6}.Debug|Any CPU.Build.0 = Debug|Any CPU
		{05554ED7-E217-49CA-8BE7-557B5E4E27B6}.Release|Any CPU.ActiveCfg = Release|Any CPU
		{05554ED7-E217-49CA-8BE7-557B5E4E27B6}.Release|Any CPU.Build.0 = Release|Any CPU
		{2FDE8802-DA30-4B99-9D81-F7423E04B985}.Debug|Any CPU.ActiveCfg = Debug|Any CPU
		{2FDE8802-DA30-4B99-9D81-F7423E04B985}.Debug|Any CPU.Build.0 = Debug|Any CPU
		{2FDE8802-DA30-4B99-9D81-F7423E04B985}.Release|Any CPU.ActiveCfg = Release|Any CPU
		{2FDE8802-DA30-4B99-9D81-F7423E04B985}.Release|Any CPU.Build.0 = Release|Any CPU
		{94D3816D-F0C0-4715-9EBD-13479D11F4A0}.Debug|Any CPU.ActiveCfg = Debug|Any CPU
		{94D3816D-F0C0-4715-9EBD-13479D11F4A0}.Debug|Any CPU.Build.0 = Debug|Any CPU
		{94D3816D-F0C0-4715-9EBD-13479D11F4A0}.Release|Any CPU.ActiveCfg = Release|Any CPU
		{94D3816D-F0C0-4715-9EBD-13479D11F4A0}.Release|Any CPU.Build.0 = Release|Any CPU
		{D405CFAC-73E3-442B-ADD4-9FD7F6D30950}.Debug|Any CPU.ActiveCfg = Debug|Any CPU
		{D405CFAC-73E3-442B-ADD4-9FD7F6D30950}.Debug|Any CPU.Build.0 = Debug|Any CPU
		{D405CFAC-73E3-442B-ADD4-9FD7F6D30950}.Release|Any CPU.ActiveCfg = Release|Any CPU
		{D405CFAC-73E3-442B-ADD4-9FD7F6D30950}.Release|Any CPU.Build.0 = Release|Any CPU
		{251E60B4-1D0C-46A2-BD69-DBA5D6143222}.Debug|Any CPU.ActiveCfg = Debug|Any CPU
		{251E60B4-1D0C-46A2-BD69-DBA5D6143222}.Debug|Any CPU.Build.0 = Debug|Any CPU
		{251E60B4-1D0C-46A2-BD69-DBA5D6143222}.Release|Any CPU.ActiveCfg = Release|Any CPU
		{251E60B4-1D0C-46A2-BD69-DBA5D6143222}.Release|Any CPU.Build.0 = Release|Any CPU
		{426BB8CD-2FF6-4E93-ADD4-4685770D465B}.Debug|Any CPU.ActiveCfg = Debug|Any CPU
		{426BB8CD-2FF6-4E93-ADD4-4685770D465B}.Debug|Any CPU.Build.0 = Debug|Any CPU
		{426BB8CD-2FF6-4E93-ADD4-4685770D465B}.Release|Any CPU.ActiveCfg = Release|Any CPU
		{426BB8CD-2FF6-4E93-ADD4-4685770D465B}.Release|Any CPU.Build.0 = Release|Any CPU
		{9CDCBECF-7720-4FFB-8DD3-FF08B106AB0A}.Debug|Any CPU.ActiveCfg = Debug|Any CPU
		{9CDCBECF-7720-4FFB-8DD3-FF08B106AB0A}.Debug|Any CPU.Build.0 = Debug|Any CPU
		{9CDCBECF-7720-4FFB-8DD3-FF08B106AB0A}.Release|Any CPU.ActiveCfg = Release|Any CPU
		{9CDCBECF-7720-4FFB-8DD3-FF08B106AB0A}.Release|Any CPU.Build.0 = Release|Any CPU
		{958FB764-8FDD-4A4D-8B39-DB3B2707F086}.Debug|Any CPU.ActiveCfg = Debug|Any CPU
		{958FB764-8FDD-4A4D-8B39-DB3B2707F086}.Debug|Any CPU.Build.0 = Debug|Any CPU
		{958FB764-8FDD-4A4D-8B39-DB3B2707F086}.Release|Any CPU.ActiveCfg = Release|Any CPU
		{958FB764-8FDD-4A4D-8B39-DB3B2707F086}.Release|Any CPU.Build.0 = Release|Any CPU
		{E68370CA-AC09-484A-A917-6799000D0782}.Debug|Any CPU.ActiveCfg = Debug|Any CPU
		{E68370CA-AC09-484A-A917-6799000D0782}.Debug|Any CPU.Build.0 = Debug|Any CPU
		{E68370CA-AC09-484A-A917-6799000D0782}.Release|Any CPU.ActiveCfg = Release|Any CPU
		{E68370CA-AC09-484A-A917-6799000D0782}.Release|Any CPU.Build.0 = Release|Any CPU
	EndGlobalSection
	GlobalSection(SolutionProperties) = preSolution
		HideSolutionNode = FALSE
	EndGlobalSection
	GlobalSection(NestedProjects) = preSolution
		{0FEB6ADF-29FD-48CE-AE0F-9E19E9209795} = {4B785E7E-2F35-4198-BD73-D2B861E5518A}
		{1EC1EEFF-3888-4125-9229-623C564F3E7E} = {4B785E7E-2F35-4198-BD73-D2B861E5518A}
		{833DEA57-A970-418C-831C-2355B8294766} = {4B785E7E-2F35-4198-BD73-D2B861E5518A}
		{3C7E8164-A2CE-471A-9C15-E1A74E4BE9D9} = {03DEB721-AF8B-462F-9933-C292E96B4BDC}
		{0A18018C-95CA-43CB-BFBF-5DB086E93009} = {1EBC718C-C8C3-4CFF-A106-9F448EC35C1B}
		{B3A105C1-F3E0-4290-A330-D0D3F29D2B26} = {833DEA57-A970-418C-831C-2355B8294766}
		{69E657A0-DE8D-4BA4-B9A9-77C8332321C6} = {9FEDAEFB-297C-4201-8FAA-F502F94CAFED}
		{FD68C950-322B-467C-82A6-99C084BAB50B} = {9FEDAEFB-297C-4201-8FAA-F502F94CAFED}
		{22B85BF9-27F9-4C0C-AB6D-C05014C022E5} = {9FEDAEFB-297C-4201-8FAA-F502F94CAFED}
		{FCFF633E-3675-41FE-8A2C-18009C744C00} = {9FEDAEFB-297C-4201-8FAA-F502F94CAFED}
		{03DEB721-AF8B-462F-9933-C292E96B4BDC} = {4B785E7E-2F35-4198-BD73-D2B861E5518A}
		{1EBC718C-C8C3-4CFF-A106-9F448EC35C1B} = {4B785E7E-2F35-4198-BD73-D2B861E5518A}
		{2544174C-6E1B-4A4F-B0FA-50437DA3BB3E} = {4B785E7E-2F35-4198-BD73-D2B861E5518A}
		{A8616103-C181-4955-99A4-323DFAF30CF0} = {4B785E7E-2F35-4198-BD73-D2B861E5518A}
		{C85FC5FD-ED8F-4255-A26C-FF93016AB865} = {0FEB6ADF-29FD-48CE-AE0F-9E19E9209795}
		{05554ED7-E217-49CA-8BE7-557B5E4E27B6} = {2544174C-6E1B-4A4F-B0FA-50437DA3BB3E}
		{2FDE8802-DA30-4B99-9D81-F7423E04B985} = {2544174C-6E1B-4A4F-B0FA-50437DA3BB3E}
		{94D3816D-F0C0-4715-9EBD-13479D11F4A0} = {2544174C-6E1B-4A4F-B0FA-50437DA3BB3E}
		{D405CFAC-73E3-442B-ADD4-9FD7F6D30950} = {2544174C-6E1B-4A4F-B0FA-50437DA3BB3E}
		{251E60B4-1D0C-46A2-BD69-DBA5D6143222} = {A8616103-C181-4955-99A4-323DFAF30CF0}
		{426BB8CD-2FF6-4E93-ADD4-4685770D465B} = {1EC1EEFF-3888-4125-9229-623C564F3E7E}
		{9CDCBECF-7720-4FFB-8DD3-FF08B106AB0A} = {1EC1EEFF-3888-4125-9229-623C564F3E7E}
		{958FB764-8FDD-4A4D-8B39-DB3B2707F086} = {1EC1EEFF-3888-4125-9229-623C564F3E7E}
		{E68370CA-AC09-484A-A917-6799000D0782} = {1EC1EEFF-3888-4125-9229-623C564F3E7E}
	EndGlobalSection
	GlobalSection(ExtensibilityGlobals) = postSolution
		SolutionGuid = {0D5D0CA3-C6B8-436C-82B0-39820C8A13FA}
	EndGlobalSection
EndGlobal
